
Microsoft Visual Studio Solution File, Format Version 12.00
# Visual Studio Version 17
VisualStudioVersion = 17.10.34916.146
MinimumVisualStudioVersion = 10.0.40219.1
Project("{FAE04EC0-301F-11D3-BF4B-00C04F79EFBC}") = "prac22", "prac22\prac22.csproj", "{C0A5C25A-8D79-4CF6-972C-A5F470E0B06D}"
EndProject
Global
	GlobalSection(SolutionConfigurationPlatforms) = preSolution
		Debug|Any CPU = Debug|Any CPU
		Release|Any CPU = Release|Any CPU
	EndGlobalSection
	GlobalSection(ProjectConfigurationPlatforms) = postSolution
		{C0A5C25A-8D79-4CF6-972C-A5F470E0B06D}.Debug|Any CPU.ActiveCfg = Debug|Any CPU
		{C0A5C25A-8D79-4CF6-972C-A5F470E0B06D}.Debug|Any CPU.Build.0 = Debug|Any CPU
		{C0A5C25A-8D79-4CF6-972C-A5F470E0B06D}.Release|Any CPU.ActiveCfg = Release|Any CPU
		{C0A5C25A-8D79-4CF6-972C-A5F470E0B06D}.Release|Any CPU.Build.0 = Release|Any CPU
	EndGlobalSection
	GlobalSection(SolutionProperties) = preSolution
		HideSolutionNode = FALSE
	EndGlobalSection
	GlobalSection(ExtensibilityGlobals) = postSolution
		SolutionGuid = {3619DDD7-F102-458D-AD2D-3E8C67607AF6}
	EndGlobalSection
EndGlobal
